// !$*UTF8*$!
{
	archiveVersion = 1;
	classes = {
	};
	objectVersion = 50;
	objects = {

/* Begin PBXBuildFile section */
		7D0FB3552286D00D00E0D0A9 /* AppDelegate.swift in Sources */ = {isa = PBXBuildFile; fileRef = 7D0FB3542286D00D00E0D0A9 /* AppDelegate.swift */; };
		7D0FB3572286D00D00E0D0A9 /* ViewController.swift in Sources */ = {isa = PBXBuildFile; fileRef = 7D0FB3562286D00D00E0D0A9 /* ViewController.swift */; };
		7D0FB35A2286D00D00E0D0A9 /* Main.storyboard in Resources */ = {isa = PBXBuildFile; fileRef = 7D0FB3582286D00D00E0D0A9 /* Main.storyboard */; };
		7D0FB35C2286D00E00E0D0A9 /* Assets.xcassets in Resources */ = {isa = PBXBuildFile; fileRef = 7D0FB35B2286D00E00E0D0A9 /* Assets.xcassets */; };
		7D0FB35F2286D00E00E0D0A9 /* LaunchScreen.storyboard in Resources */ = {isa = PBXBuildFile; fileRef = 7D0FB35D2286D00E00E0D0A9 /* LaunchScreen.storyboard */; };
		7D0FB368228700E500E0D0A9 /* ApiManager.swift in Sources */ = {isa = PBXBuildFile; fileRef = 7D0FB367228700E500E0D0A9 /* ApiManager.swift */; };
		7D0FB36A2287033800E0D0A9 /* ToModelExtension.swift in Sources */ = {isa = PBXBuildFile; fileRef = 7D0FB3692287033800E0D0A9 /* ToModelExtension.swift */; };
		7D0FB36C2287094700E0D0A9 /* ToolExtension.swift in Sources */ = {isa = PBXBuildFile; fileRef = 7D0FB36B2287094700E0D0A9 /* ToolExtension.swift */; };
		7D0FB37122870B1700E0D0A9 /* NewsDetailModel.swift in Sources */ = {isa = PBXBuildFile; fileRef = 7D0FB37022870B1700E0D0A9 /* NewsDetailModel.swift */; };
		7D0FB37322870B4100E0D0A9 /* StoryModel.swift in Sources */ = {isa = PBXBuildFile; fileRef = 7D0FB37222870B4100E0D0A9 /* StoryModel.swift */; };
		7D0FB37522870B7400E0D0A9 /* ThemeModel.swift in Sources */ = {isa = PBXBuildFile; fileRef = 7D0FB37422870B7400E0D0A9 /* ThemeModel.swift */; };
		7D0FB37722870BAC00E0D0A9 /* LaunchModel.swift in Sources */ = {isa = PBXBuildFile; fileRef = 7D0FB37622870BAC00E0D0A9 /* LaunchModel.swift */; };
		7D0FB37922870C4000E0D0A9 /* BannerCell.swift in Sources */ = {isa = PBXBuildFile; fileRef = 7D0FB37822870C4000E0D0A9 /* BannerCell.swift */; };
		7D0FB37B2287B88E00E0D0A9 /* BannerView.swift in Sources */ = {isa = PBXBuildFile; fileRef = 7D0FB37A2287B88E00E0D0A9 /* BannerView.swift */; };
		7D0FB37D2287BE8200E0D0A9 /* RefreshView.swift in Sources */ = {isa = PBXBuildFile; fileRef = 7D0FB37C2287BE8200E0D0A9 /* RefreshView.swift */; };
		7D0FB37F2287C00000E0D0A9 /* ListTableViewCell.swift in Sources */ = {isa = PBXBuildFile; fileRef = 7D0FB37E2287C00000E0D0A9 /* ListTableViewCell.swift */; };
		7D0FB3812287C4AA00E0D0A9 /* ThemeTableViewCell.swift in Sources */ = {isa = PBXBuildFile; fileRef = 7D0FB3802287C4AA00E0D0A9 /* ThemeTableViewCell.swift */; };
		7D0FB3832287C7A300E0D0A9 /* DetailWebView.swift in Sources */ = {isa = PBXBuildFile; fileRef = 7D0FB3822287C7A300E0D0A9 /* DetailWebView.swift */; };
		7D0FB3852287CCDA00E0D0A9 /* MainViewController.swift in Sources */ = {isa = PBXBuildFile; fileRef = 7D0FB3842287CCDA00E0D0A9 /* MainViewController.swift */; };
		7D0FB3872287D26900E0D0A9 /* ThemeViewController.swift in Sources */ = {isa = PBXBuildFile; fileRef = 7D0FB3862287D26900E0D0A9 /* ThemeViewController.swift */; };
		7D0FB3892287D2B000E0D0A9 /* MenuViewController.swift in Sources */ = {isa = PBXBuildFile; fileRef = 7D0FB3882287D2B000E0D0A9 /* MenuViewController.swift */; };
		7D0FB38B22881DD100E0D0A9 /* DetailViewController.swift in Sources */ = {isa = PBXBuildFile; fileRef = 7D0FB38A22881DD100E0D0A9 /* DetailViewController.swift */; };
		7D0FB38D22881FA800E0D0A9 /* HomeViewController.swift in Sources */ = {isa = PBXBuildFile; fileRef = 7D0FB38C22881FA800E0D0A9 /* HomeViewController.swift */; };
		BC671A3D02526A1F7EA5811F /* Pods_ZhiHuDaily_RxSwift.framework in Frameworks */ = {isa = PBXBuildFile; fileRef = 757324736296FE91B9289010 /* Pods_ZhiHuDaily_RxSwift.framework */; };
/* End PBXBuildFile section */

/* Begin PBXFileReference section */
		5BB3E531E5C07AB54E12FF42 /* Pods-ZhiHuDaily-RxSwift.debug.xcconfig */ = {isa = PBXFileReference; includeInIndex = 1; lastKnownFileType = text.xcconfig; name = "Pods-ZhiHuDaily-RxSwift.debug.xcconfig"; path = "Pods/Target Support Files/Pods-ZhiHuDaily-RxSwift/Pods-ZhiHuDaily-RxSwift.debug.xcconfig"; sourceTree = "<group>"; };
		757324736296FE91B9289010 /* Pods_ZhiHuDaily_RxSwift.framework */ = {isa = PBXFileReference; explicitFileType = wrapper.framework; includeInIndex = 0; path = Pods_ZhiHuDaily_RxSwift.framework; sourceTree = BUILT_PRODUCTS_DIR; };
		7D0FB3512286D00D00E0D0A9 /* ZhiHuDaily-RxSwift.app */ = {isa = PBXFileReference; explicitFileType = wrapper.application; includeInIndex = 0; path = "ZhiHuDaily-RxSwift.app"; sourceTree = BUILT_PRODUCTS_DIR; };
		7D0FB3542286D00D00E0D0A9 /* AppDelegate.swift */ = {isa = PBXFileReference; lastKnownFileType = sourcecode.swift; path = AppDelegate.swift; sourceTree = "<group>"; };
		7D0FB3562286D00D00E0D0A9 /* ViewController.swift */ = {isa = PBXFileReference; lastKnownFileType = sourcecode.swift; path = ViewController.swift; sourceTree = "<group>"; };
		7D0FB3592286D00D00E0D0A9 /* Base */ = {isa = PBXFileReference; lastKnownFileType = file.storyboard; name = Base; path = Base.lproj/Main.storyboard; sourceTree = "<group>"; };
		7D0FB35B2286D00E00E0D0A9 /* Assets.xcassets */ = {isa = PBXFileReference; lastKnownFileType = folder.assetcatalog; path = Assets.xcassets; sourceTree = "<group>"; };
		7D0FB35E2286D00E00E0D0A9 /* Base */ = {isa = PBXFileReference; lastKnownFileType = file.storyboard; name = Base; path = Base.lproj/LaunchScreen.storyboard; sourceTree = "<group>"; };
		7D0FB3602286D00E00E0D0A9 /* Info.plist */ = {isa = PBXFileReference; lastKnownFileType = text.plist.xml; path = Info.plist; sourceTree = "<group>"; };
		7D0FB367228700E500E0D0A9 /* ApiManager.swift */ = {isa = PBXFileReference; lastKnownFileType = sourcecode.swift; path = ApiManager.swift; sourceTree = "<group>"; };
		7D0FB3692287033800E0D0A9 /* ToModelExtension.swift */ = {isa = PBXFileReference; lastKnownFileType = sourcecode.swift; path = ToModelExtension.swift; sourceTree = "<group>"; };
		7D0FB36B2287094700E0D0A9 /* ToolExtension.swift */ = {isa = PBXFileReference; lastKnownFileType = sourcecode.swift; path = ToolExtension.swift; sourceTree = "<group>"; };
		7D0FB37022870B1700E0D0A9 /* NewsDetailModel.swift */ = {isa = PBXFileReference; lastKnownFileType = sourcecode.swift; path = NewsDetailModel.swift; sourceTree = "<group>"; };
		7D0FB37222870B4100E0D0A9 /* StoryModel.swift */ = {isa = PBXFileReference; lastKnownFileType = sourcecode.swift; path = StoryModel.swift; sourceTree = "<group>"; };
		7D0FB37422870B7400E0D0A9 /* ThemeModel.swift */ = {isa = PBXFileReference; lastKnownFileType = sourcecode.swift; path = ThemeModel.swift; sourceTree = "<group>"; };
		7D0FB37622870BAC00E0D0A9 /* LaunchModel.swift */ = {isa = PBXFileReference; lastKnownFileType = sourcecode.swift; path = LaunchModel.swift; sourceTree = "<group>"; };
		7D0FB37822870C4000E0D0A9 /* BannerCell.swift */ = {isa = PBXFileReference; lastKnownFileType = sourcecode.swift; path = BannerCell.swift; sourceTree = "<group>"; };
		7D0FB37A2287B88E00E0D0A9 /* BannerView.swift */ = {isa = PBXFileReference; lastKnownFileType = sourcecode.swift; path = BannerView.swift; sourceTree = "<group>"; };
		7D0FB37C2287BE8200E0D0A9 /* RefreshView.swift */ = {isa = PBXFileReference; lastKnownFileType = sourcecode.swift; path = RefreshView.swift; sourceTree = "<group>"; };
		7D0FB37E2287C00000E0D0A9 /* ListTableViewCell.swift */ = {isa = PBXFileReference; lastKnownFileType = sourcecode.swift; path = ListTableViewCell.swift; sourceTree = "<group>"; };
		7D0FB3802287C4AA00E0D0A9 /* ThemeTableViewCell.swift */ = {isa = PBXFileReference; lastKnownFileType = sourcecode.swift; path = ThemeTableViewCell.swift; sourceTree = "<group>"; };
		7D0FB3822287C7A300E0D0A9 /* DetailWebView.swift */ = {isa = PBXFileReference; lastKnownFileType = sourcecode.swift; path = DetailWebView.swift; sourceTree = "<group>"; };
		7D0FB3842287CCDA00E0D0A9 /* MainViewController.swift */ = {isa = PBXFileReference; lastKnownFileType = sourcecode.swift; path = MainViewController.swift; sourceTree = "<group>"; };
		7D0FB3862287D26900E0D0A9 /* ThemeViewController.swift */ = {isa = PBXFileReference; lastKnownFileType = sourcecode.swift; path = ThemeViewController.swift; sourceTree = "<group>"; };
		7D0FB3882287D2B000E0D0A9 /* MenuViewController.swift */ = {isa = PBXFileReference; lastKnownFileType = sourcecode.swift; path = MenuViewController.swift; sourceTree = "<group>"; };
		7D0FB38A22881DD100E0D0A9 /* DetailViewController.swift */ = {isa = PBXFileReference; lastKnownFileType = sourcecode.swift; path = DetailViewController.swift; sourceTree = "<group>"; };
		7D0FB38C22881FA800E0D0A9 /* HomeViewController.swift */ = {isa = PBXFileReference; lastKnownFileType = sourcecode.swift; path = HomeViewController.swift; sourceTree = "<group>"; };
		F024963B06571B7E439BC173 /* Pods-ZhiHuDaily-RxSwift.release.xcconfig */ = {isa = PBXFileReference; includeInIndex = 1; lastKnownFileType = text.xcconfig; name = "Pods-ZhiHuDaily-RxSwift.release.xcconfig"; path = "Pods/Target Support Files/Pods-ZhiHuDaily-RxSwift/Pods-ZhiHuDaily-RxSwift.release.xcconfig"; sourceTree = "<group>"; };
/* End PBXFileReference section */

/* Begin PBXFrameworksBuildPhase section */
		7D0FB34E2286D00D00E0D0A9 /* Frameworks */ = {
			isa = PBXFrameworksBuildPhase;
			buildActionMask = 2147483647;
			files = (
				BC671A3D02526A1F7EA5811F /* Pods_ZhiHuDaily_RxSwift.framework in Frameworks */,
			);
			runOnlyForDeploymentPostprocessing = 0;
		};
/* End PBXFrameworksBuildPhase section */

/* Begin PBXGroup section */
		2BCA87EC6A5E1BF0EF329E41 /* Frameworks */ = {
			isa = PBXGroup;
			children = (
				757324736296FE91B9289010 /* Pods_ZhiHuDaily_RxSwift.framework */,
			);
			name = Frameworks;
			sourceTree = "<group>";
		};
		3D0BBF41BA948C304DCD6033 /* Pods */ = {
			isa = PBXGroup;
			children = (
				5BB3E531E5C07AB54E12FF42 /* Pods-ZhiHuDaily-RxSwift.debug.xcconfig */,
				F024963B06571B7E439BC173 /* Pods-ZhiHuDaily-RxSwift.release.xcconfig */,
			);
			name = Pods;
			sourceTree = "<group>";
		};
		7D0FB3482286D00D00E0D0A9 = {
			isa = PBXGroup;
			children = (
				7D0FB3532286D00D00E0D0A9 /* ZhiHuDaily-RxSwift */,
				7D0FB3522286D00D00E0D0A9 /* Products */,
				3D0BBF41BA948C304DCD6033 /* Pods */,
				2BCA87EC6A5E1BF0EF329E41 /* Frameworks */,
			);
			sourceTree = "<group>";
		};
		7D0FB3522286D00D00E0D0A9 /* Products */ = {
			isa = PBXGroup;
			children = (
				7D0FB3512286D00D00E0D0A9 /* ZhiHuDaily-RxSwift.app */,
			);
			name = Products;
			sourceTree = "<group>";
		};
		7D0FB3532286D00D00E0D0A9 /* ZhiHuDaily-RxSwift */ = {
			isa = PBXGroup;
			children = (
				7D0FB36D22870ABE00E0D0A9 /* viewControllers */,
				7D0FB36E22870AD800E0D0A9 /* views */,
				7D0FB36F22870AE400E0D0A9 /* model */,
				7D0FB3662287006400E0D0A9 /* tool */,
				7D0FB3542286D00D00E0D0A9 /* AppDelegate.swift */,
				7D0FB3562286D00D00E0D0A9 /* ViewController.swift */,
				7D0FB3582286D00D00E0D0A9 /* Main.storyboard */,
				7D0FB35B2286D00E00E0D0A9 /* Assets.xcassets */,
				7D0FB35D2286D00E00E0D0A9 /* LaunchScreen.storyboard */,
				7D0FB3602286D00E00E0D0A9 /* Info.plist */,
			);
			path = "ZhiHuDaily-RxSwift";
			sourceTree = "<group>";
		};
		7D0FB3662287006400E0D0A9 /* tool */ = {
			isa = PBXGroup;
			children = (
				7D0FB367228700E500E0D0A9 /* ApiManager.swift */,
				7D0FB3692287033800E0D0A9 /* ToModelExtension.swift */,
				7D0FB36B2287094700E0D0A9 /* ToolExtension.swift */,
			);
			path = tool;
			sourceTree = "<group>";
		};
		7D0FB36D22870ABE00E0D0A9 /* viewControllers */ = {
			isa = PBXGroup;
			children = (
				7D0FB3842287CCDA00E0D0A9 /* MainViewController.swift */,
				7D0FB3862287D26900E0D0A9 /* ThemeViewController.swift */,
				7D0FB3882287D2B000E0D0A9 /* MenuViewController.swift */,
				7D0FB38A22881DD100E0D0A9 /* DetailViewController.swift */,
				7D0FB38C22881FA800E0D0A9 /* HomeViewController.swift */,
			);
			path = viewControllers;
			sourceTree = "<group>";
		};
		7D0FB36E22870AD800E0D0A9 /* views */ = {
			isa = PBXGroup;
			children = (
				7D0FB37822870C4000E0D0A9 /* BannerCell.swift */,
				7D0FB37A2287B88E00E0D0A9 /* BannerView.swift */,
				7D0FB37C2287BE8200E0D0A9 /* RefreshView.swift */,
				7D0FB37E2287C00000E0D0A9 /* ListTableViewCell.swift */,
				7D0FB3802287C4AA00E0D0A9 /* ThemeTableViewCell.swift */,
				7D0FB3822287C7A300E0D0A9 /* DetailWebView.swift */,
			);
			path = views;
			sourceTree = "<group>";
		};
		7D0FB36F22870AE400E0D0A9 /* model */ = {
			isa = PBXGroup;
			children = (
				7D0FB37022870B1700E0D0A9 /* NewsDetailModel.swift */,
				7D0FB37222870B4100E0D0A9 /* StoryModel.swift */,
				7D0FB37422870B7400E0D0A9 /* ThemeModel.swift */,
				7D0FB37622870BAC00E0D0A9 /* LaunchModel.swift */,
			);
			path = model;
			sourceTree = "<group>";
		};
/* End PBXGroup section */

/* Begin PBXNativeTarget section */
		7D0FB3502286D00D00E0D0A9 /* ZhiHuDaily-RxSwift */ = {
			isa = PBXNativeTarget;
			buildConfigurationList = 7D0FB3632286D00E00E0D0A9 /* Build configuration list for PBXNativeTarget "ZhiHuDaily-RxSwift" */;
			buildPhases = (
				F9DC61CC78D0FCFD4774ADDA /* [CP] Check Pods Manifest.lock */,
				7D0FB34D2286D00D00E0D0A9 /* Sources */,
				7D0FB34E2286D00D00E0D0A9 /* Frameworks */,
				7D0FB34F2286D00D00E0D0A9 /* Resources */,
				0A02AB9AA233549207B21FD3 /* [CP] Embed Pods Frameworks */,
			);
			buildRules = (
			);
			dependencies = (
			);
			name = "ZhiHuDaily-RxSwift";
			productName = "ZhiHuDaily-RxSwift";
			productReference = 7D0FB3512286D00D00E0D0A9 /* ZhiHuDaily-RxSwift.app */;
			productType = "com.apple.product-type.application";
		};
/* End PBXNativeTarget section */

/* Begin PBXProject section */
		7D0FB3492286D00D00E0D0A9 /* Project object */ = {
			isa = PBXProject;
			attributes = {
				LastSwiftUpdateCheck = 1020;
				LastUpgradeCheck = 1020;
				ORGANIZATIONNAME = "jianwen ning";
				TargetAttributes = {
					7D0FB3502286D00D00E0D0A9 = {
						CreatedOnToolsVersion = 10.2.1;
					};
				};
			};
			buildConfigurationList = 7D0FB34C2286D00D00E0D0A9 /* Build configuration list for PBXProject "ZhiHuDaily-RxSwift" */;
			compatibilityVersion = "Xcode 9.3";
			developmentRegion = en;
			hasScannedForEncodings = 0;
			knownRegions = (
				en,
				Base,
			);
			mainGroup = 7D0FB3482286D00D00E0D0A9;
			productRefGroup = 7D0FB3522286D00D00E0D0A9 /* Products */;
			projectDirPath = "";
			projectRoot = "";
			targets = (
				7D0FB3502286D00D00E0D0A9 /* ZhiHuDaily-RxSwift */,
			);
		};
/* End PBXProject section */

/* Begin PBXResourcesBuildPhase section */
		7D0FB34F2286D00D00E0D0A9 /* Resources */ = {
			isa = PBXResourcesBuildPhase;
			buildActionMask = 2147483647;
			files = (
				7D0FB35F2286D00E00E0D0A9 /* LaunchScreen.storyboard in Resources */,
				7D0FB35C2286D00E00E0D0A9 /* Assets.xcassets in Resources */,
				7D0FB35A2286D00D00E0D0A9 /* Main.storyboard in Resources */,
			);
			runOnlyForDeploymentPostprocessing = 0;
		};
/* End PBXResourcesBuildPhase section */

/* Begin PBXShellScriptBuildPhase section */
		0A02AB9AA233549207B21FD3 /* [CP] Embed Pods Frameworks */ = {
			isa = PBXShellScriptBuildPhase;
			buildActionMask = 2147483647;
			files = (
			);
			inputPaths = (
				"${SRCROOT}/Pods/Target Support Files/Pods-ZhiHuDaily-RxSwift/Pods-ZhiHuDaily-RxSwift-frameworks.sh",
				"${BUILT_PRODUCTS_DIR}/Alamofire/Alamofire.framework",
				"${BUILT_PRODUCTS_DIR}/Differentiator/Differentiator.framework",
				"${BUILT_PRODUCTS_DIR}/Kingfisher/Kingfisher.framework",
				"${BUILT_PRODUCTS_DIR}/Moya/Moya.framework",
				"${BUILT_PRODUCTS_DIR}/Result/Result.framework",
				"${BUILT_PRODUCTS_DIR}/RxCocoa/RxCocoa.framework",
				"${BUILT_PRODUCTS_DIR}/RxDataSources/RxDataSources.framework",
				"${BUILT_PRODUCTS_DIR}/RxSwift/RxSwift.framework",
				"${BUILT_PRODUCTS_DIR}/SnapKit/SnapKit.framework",
				"${BUILT_PRODUCTS_DIR}/SwiftDate/SwiftDate.framework",
				"${BUILT_PRODUCTS_DIR}/Then/Then.framework",
			);
			name = "[CP] Embed Pods Frameworks";
			outputPaths = (
				"${TARGET_BUILD_DIR}/${FRAMEWORKS_FOLDER_PATH}/Alamofire.framework",
				"${TARGET_BUILD_DIR}/${FRAMEWORKS_FOLDER_PATH}/Differentiator.framework",
				"${TARGET_BUILD_DIR}/${FRAMEWORKS_FOLDER_PATH}/Kingfisher.framework",
				"${TARGET_BUILD_DIR}/${FRAMEWORKS_FOLDER_PATH}/Moya.framework",
				"${TARGET_BUILD_DIR}/${FRAMEWORKS_FOLDER_PATH}/Result.framework",
				"${TARGET_BUILD_DIR}/${FRAMEWORKS_FOLDER_PATH}/RxCocoa.framework",
				"${TARGET_BUILD_DIR}/${FRAMEWORKS_FOLDER_PATH}/RxDataSources.framework",
				"${TARGET_BUILD_DIR}/${FRAMEWORKS_FOLDER_PATH}/RxSwift.framework",
				"${TARGET_BUILD_DIR}/${FRAMEWORKS_FOLDER_PATH}/SnapKit.framework",
				"${TARGET_BUILD_DIR}/${FRAMEWORKS_FOLDER_PATH}/SwiftDate.framework",
				"${TARGET_BUILD_DIR}/${FRAMEWORKS_FOLDER_PATH}/Then.framework",
			);
			runOnlyForDeploymentPostprocessing = 0;
			shellPath = /bin/sh;
			shellScript = "\"${SRCROOT}/Pods/Target Support Files/Pods-ZhiHuDaily-RxSwift/Pods-ZhiHuDaily-RxSwift-frameworks.sh\"\n";
			showEnvVarsInLog = 0;
		};
		F9DC61CC78D0FCFD4774ADDA /* [CP] Check Pods Manifest.lock */ = {
			isa = PBXShellScriptBuildPhase;
			buildActionMask = 2147483647;
			files = (
			);
			inputPaths = (
				"${PODS_PODFILE_DIR_PATH}/Podfile.lock",
				"${PODS_ROOT}/Manifest.lock",
			);
			name = "[CP] Check Pods Manifest.lock";
			outputPaths = (
				"$(DERIVED_FILE_DIR)/Pods-ZhiHuDaily-RxSwift-checkManifestLockResult.txt",
			);
			runOnlyForDeploymentPostprocessing = 0;
			shellPath = /bin/sh;
			shellScript = "diff \"${PODS_PODFILE_DIR_PATH}/Podfile.lock\" \"${PODS_ROOT}/Manifest.lock\" > /dev/null\nif [ $? != 0 ] ; then\n    # print error to STDERR\n    echo \"error: The sandbox is not in sync with the Podfile.lock. Run 'pod install' or update your CocoaPods installation.\" >&2\n    exit 1\nfi\n# This output is used by Xcode 'outputs' to avoid re-running this script phase.\necho \"SUCCESS\" > \"${SCRIPT_OUTPUT_FILE_0}\"\n";
			showEnvVarsInLog = 0;
		};
/* End PBXShellScriptBuildPhase section */

/* Begin PBXSourcesBuildPhase section */
		7D0FB34D2286D00D00E0D0A9 /* Sources */ = {
			isa = PBXSourcesBuildPhase;
			buildActionMask = 2147483647;
			files = (
				7D0FB3832287C7A300E0D0A9 /* DetailWebView.swift in Sources */,
				7D0FB3572286D00D00E0D0A9 /* ViewController.swift in Sources */,
				7D0FB3812287C4AA00E0D0A9 /* ThemeTableViewCell.swift in Sources */,
				7D0FB37922870C4000E0D0A9 /* BannerCell.swift in Sources */,
				7D0FB37122870B1700E0D0A9 /* NewsDetailModel.swift in Sources */,
				7D0FB368228700E500E0D0A9 /* ApiManager.swift in Sources */,
				7D0FB37722870BAC00E0D0A9 /* LaunchModel.swift in Sources */,
				7D0FB3852287CCDA00E0D0A9 /* MainViewController.swift in Sources */,
				7D0FB36A2287033800E0D0A9 /* ToModelExtension.swift in Sources */,
				7D0FB37D2287BE8200E0D0A9 /* RefreshView.swift in Sources */,
				7D0FB38B22881DD100E0D0A9 /* DetailViewController.swift in Sources */,
				7D0FB36C2287094700E0D0A9 /* ToolExtension.swift in Sources */,
				7D0FB3872287D26900E0D0A9 /* ThemeViewController.swift in Sources */,
				7D0FB3552286D00D00E0D0A9 /* AppDelegate.swift in Sources */,
				7D0FB3892287D2B000E0D0A9 /* MenuViewController.swift in Sources */,
				7D0FB38D22881FA800E0D0A9 /* HomeViewController.swift in Sources */,
				7D0FB37B2287B88E00E0D0A9 /* BannerView.swift in Sources */,
				7D0FB37322870B4100E0D0A9 /* StoryModel.swift in Sources */,
				7D0FB37F2287C00000E0D0A9 /* ListTableViewCell.swift in Sources */,
				7D0FB37522870B7400E0D0A9 /* ThemeModel.swift in Sources */,
			);
			runOnlyForDeploymentPostprocessing = 0;
		};
/* End PBXSourcesBuildPhase section */

/* Begin PBXVariantGroup section */
		7D0FB3582286D00D00E0D0A9 /* Main.storyboard */ = {
			isa = PBXVariantGroup;
			children = (
				7D0FB3592286D00D00E0D0A9 /* Base */,
			);
			name = Main.storyboard;
			sourceTree = "<group>";
		};
		7D0FB35D2286D00E00E0D0A9 /* LaunchScreen.storyboard */ = {
			isa = PBXVariantGroup;
			children = (
				7D0FB35E2286D00E00E0D0A9 /* Base */,
			);
			name = LaunchScreen.storyboard;
			sourceTree = "<group>";
		};
/* End PBXVariantGroup section */

/* Begin XCBuildConfiguration section */
		7D0FB3612286D00E00E0D0A9 /* Debug */ = {
			isa = XCBuildConfiguration;
			buildSettings = {
				ALWAYS_SEARCH_USER_PATHS = NO;
				CLANG_ANALYZER_NONNULL = YES;
				CLANG_ANALYZER_NUMBER_OBJECT_CONVERSION = YES_AGGRESSIVE;
				CLANG_CXX_LANGUAGE_STANDARD = "gnu++14";
				CLANG_CXX_LIBRARY = "libc++";
				CLANG_ENABLE_MODULES = YES;
				CLANG_ENABLE_OBJC_ARC = YES;
				CLANG_ENABLE_OBJC_WEAK = YES;
				CLANG_WARN_BLOCK_CAPTURE_AUTORELEASING = YES;
				CLANG_WARN_BOOL_CONVERSION = YES;
				CLANG_WARN_COMMA = YES;
				CLANG_WARN_CONSTANT_CONVERSION = YES;
				CLANG_WARN_DEPRECATED_OBJC_IMPLEMENTATIONS = YES;
				CLANG_WARN_DIRECT_OBJC_ISA_USAGE = YES_ERROR;
				CLANG_WARN_DOCUMENTATION_COMMENTS = YES;
				CLANG_WARN_EMPTY_BODY = YES;
				CLANG_WARN_ENUM_CONVERSION = YES;
				CLANG_WARN_INFINITE_RECURSION = YES;
				CLANG_WARN_INT_CONVERSION = YES;
				CLANG_WARN_NON_LITERAL_NULL_CONVERSION = YES;
				CLANG_WARN_OBJC_IMPLICIT_RETAIN_SELF = YES;
				CLANG_WARN_OBJC_LITERAL_CONVERSION = YES;
				CLANG_WARN_OBJC_ROOT_CLASS = YES_ERROR;
				CLANG_WARN_RANGE_LOOP_ANALYSIS = YES;
				CLANG_WARN_STRICT_PROTOTYPES = YES;
				CLANG_WARN_SUSPICIOUS_MOVE = YES;
				CLANG_WARN_UNGUARDED_AVAILABILITY = YES_AGGRESSIVE;
				CLANG_WARN_UNREACHABLE_CODE = YES;
				CLANG_WARN__DUPLICATE_METHOD_MATCH = YES;
				CODE_SIGN_IDENTITY = "iPhone Developer";
				COPY_PHASE_STRIP = NO;
				DEBUG_INFORMATION_FORMAT = dwarf;
				ENABLE_STRICT_OBJC_MSGSEND = YES;
				ENABLE_TESTABILITY = YES;
				GCC_C_LANGUAGE_STANDARD = gnu11;
				GCC_DYNAMIC_NO_PIC = NO;
				GCC_NO_COMMON_BLOCKS = YES;
				GCC_OPTIMIZATION_LEVEL = 0;
				GCC_PREPROCESSOR_DEFINITIONS = (
					"DEBUG=1",
					"$(inherited)",
				);
				GCC_WARN_64_TO_32_BIT_CONVERSION = YES;
				GCC_WARN_ABOUT_RETURN_TYPE = YES_ERROR;
				GCC_WARN_UNDECLARED_SELECTOR = YES;
				GCC_WARN_UNINITIALIZED_AUTOS = YES_AGGRESSIVE;
				GCC_WARN_UNUSED_FUNCTION = YES;
				GCC_WARN_UNUSED_VARIABLE = YES;
				IPHONEOS_DEPLOYMENT_TARGET = 12.2;
				MTL_ENABLE_DEBUG_INFO = INCLUDE_SOURCE;
				MTL_FAST_MATH = YES;
				ONLY_ACTIVE_ARCH = YES;
				SDKROOT = iphoneos;
				SWIFT_ACTIVE_COMPILATION_CONDITIONS = DEBUG;
				SWIFT_OPTIMIZATION_LEVEL = "-Onone";
			};
			name = Debug;
		};
		7D0FB3622286D00E00E0D0A9 /* Release */ = {
			isa = XCBuildConfiguration;
			buildSettings = {
				ALWAYS_SEARCH_USER_PATHS = NO;
				CLANG_ANALYZER_NONNULL = YES;
				CLANG_ANALYZER_NUMBER_OBJECT_CONVERSION = YES_AGGRESSIVE;
				CLANG_CXX_LANGUAGE_STANDARD = "gnu++14";
				CLANG_CXX_LIBRARY = "libc++";
				CLANG_ENABLE_MODULES = YES;
				CLANG_ENABLE_OBJC_ARC = YES;
				CLANG_ENABLE_OBJC_WEAK = YES;
				CLANG_WARN_BLOCK_CAPTURE_AUTORELEASING = YES;
				CLANG_WARN_BOOL_CONVERSION = YES;
				CLANG_WARN_COMMA = YES;
				CLANG_WARN_CONSTANT_CONVERSION = YES;
				CLANG_WARN_DEPRECATED_OBJC_IMPLEMENTATIONS = YES;
				CLANG_WARN_DIRECT_OBJC_ISA_USAGE = YES_ERROR;
				CLANG_WARN_DOCUMENTATION_COMMENTS = YES;
				CLANG_WARN_EMPTY_BODY = YES;
				CLANG_WARN_ENUM_CONVERSION = YES;
				CLANG_WARN_INFINITE_RECURSION = YES;
				CLANG_WARN_INT_CONVERSION = YES;
				CLANG_WARN_NON_LITERAL_NULL_CONVERSION = YES;
				CLANG_WARN_OBJC_IMPLICIT_RETAIN_SELF = YES;
				CLANG_WARN_OBJC_LITERAL_CONVERSION = YES;
				CLANG_WARN_OBJC_ROOT_CLASS = YES_ERROR;
				CLANG_WARN_RANGE_LOOP_ANALYSIS = YES;
				CLANG_WARN_STRICT_PROTOTYPES = YES;
				CLANG_WARN_SUSPICIOUS_MOVE = YES;
				CLANG_WARN_UNGUARDED_AVAILABILITY = YES_AGGRESSIVE;
				CLANG_WARN_UNREACHABLE_CODE = YES;
				CLANG_WARN__DUPLICATE_METHOD_MATCH = YES;
				CODE_SIGN_IDENTITY = "iPhone Developer";
				COPY_PHASE_STRIP = NO;
				DEBUG_INFORMATION_FORMAT = "dwarf-with-dsym";
				ENABLE_NS_ASSERTIONS = NO;
				ENABLE_STRICT_OBJC_MSGSEND = YES;
				GCC_C_LANGUAGE_STANDARD = gnu11;
				GCC_NO_COMMON_BLOCKS = YES;
				GCC_WARN_64_TO_32_BIT_CONVERSION = YES;
				GCC_WARN_ABOUT_RETURN_TYPE = YES_ERROR;
				GCC_WARN_UNDECLARED_SELECTOR = YES;
				GCC_WARN_UNINITIALIZED_AUTOS = YES_AGGRESSIVE;
				GCC_WARN_UNUSED_FUNCTION = YES;
				GCC_WARN_UNUSED_VARIABLE = YES;
				IPHONEOS_DEPLOYMENT_TARGET = 12.2;
				MTL_ENABLE_DEBUG_INFO = NO;
				MTL_FAST_MATH = YES;
				SDKROOT = iphoneos;
				SWIFT_COMPILATION_MODE = wholemodule;
				SWIFT_OPTIMIZATION_LEVEL = "-O";
				VALIDATE_PRODUCT = YES;
			};
			name = Release;
		};
		7D0FB3642286D00E00E0D0A9 /* Debug */ = {
			isa = XCBuildConfiguration;
			baseConfigurationReference = 5BB3E531E5C07AB54E12FF42 /* Pods-ZhiHuDaily-RxSwift.debug.xcconfig */;
			buildSettings = {
				ASSETCATALOG_COMPILER_APPICON_NAME = AppIcon;
				CODE_SIGN_STYLE = Automatic;
				DEVELOPMENT_TEAM = 2Q2FYSJY22;
				INFOPLIST_FILE = "ZhiHuDaily-RxSwift/Info.plist";
				LD_RUNPATH_SEARCH_PATHS = (
					"$(inherited)",
					"@executable_path/Frameworks",
				);
				PRODUCT_BUNDLE_IDENTIFIER = "com.chain.njw.ZhiHuDaily-RxSwift";
				PRODUCT_NAME = "$(TARGET_NAME)";
				SWIFT_VERSION = 5.0;
				TARGETED_DEVICE_FAMILY = "1,2";
			};
			name = Debug;
		};
		7D0FB3652286D00E00E0D0A9 /* Release */ = {
			isa = XCBuildConfiguration;
			baseConfigurationReference = F024963B06571B7E439BC173 /* Pods-ZhiHuDaily-RxSwift.release.xcconfig */;
			buildSettings = {
				ASSETCATALOG_COMPILER_APPICON_NAME = AppIcon;
				CODE_SIGN_STYLE = Automatic;
				DEVELOPMENT_TEAM = 2Q2FYSJY22;
				INFOPLIST_FILE = "ZhiHuDaily-RxSwift/Info.plist";
				LD_RUNPATH_SEARCH_PATHS = (
					"$(inherited)",
					"@executable_path/Frameworks",
				);
				PRODUCT_BUNDLE_IDENTIFIER = "com.chain.njw.ZhiHuDaily-RxSwift";
				PRODUCT_NAME = "$(TARGET_NAME)";
				SWIFT_VERSION = 5.0;
				TARGETED_DEVICE_FAMILY = "1,2";
			};
			name = Release;
		};
/* End XCBuildConfiguration section */

/* Begin XCConfigurationList section */
		7D0FB34C2286D00D00E0D0A9 /* Build configuration list for PBXProject "ZhiHuDaily-RxSwift" */ = {
			isa = XCConfigurationList;
			buildConfigurations = (
				7D0FB3612286D00E00E0D0A9 /* Debug */,
				7D0FB3622286D00E00E0D0A9 /* Release */,
			);
			defaultConfigurationIsVisible = 0;
			defaultConfigurationName = Release;
		};
		7D0FB3632286D00E00E0D0A9 /* Build configuration list for PBXNativeTarget "ZhiHuDaily-RxSwift" */ = {
			isa = XCConfigurationList;
			buildConfigurations = (
				7D0FB3642286D00E00E0D0A9 /* Debug */,
				7D0FB3652286D00E00E0D0A9 /* Release */,
			);
			defaultConfigurationIsVisible = 0;
			defaultConfigurationName = Release;
		};
/* End XCConfigurationList section */
	};
	rootObject = 7D0FB3492286D00D00E0D0A9 /* Project object */;
}
